
Microsoft Visual Studio Solution File, Format Version 12.00
# Visual Studio Version 16
VisualStudioVersion = 16.0.33529.622
MinimumVisualStudioVersion = 10.0.40219.1
Project("{FAE04EC0-301F-11D3-BF4B-00C04F79EFBC}") = "QuanLyShipper", "QuanLyShipper\QuanLyShipper.csproj", "{4FA45A53-BDFD-4A20-BC38-462DC1738CAA}"
EndProject
Global
	GlobalSection(SolutionConfigurationPlatforms) = preSolution
		Debug|Any CPU = Debug|Any CPU
		Release|Any CPU = Release|Any CPU
	EndGlobalSection
	GlobalSection(ProjectConfigurationPlatforms) = postSolution
		{4FA45A53-BDFD-4A20-BC38-462DC1738CAA}.Debug|Any CPU.ActiveCfg = Debug|Any CPU
		{4FA45A53-BDFD-4A20-BC38-462DC1738CAA}.Debug|Any CPU.Build.0 = Debug|Any CPU
		{4FA45A53-BDFD-4A20-BC38-462DC1738CAA}.Release|Any CPU.ActiveCfg = Release|Any CPU
		{4FA45A53-BDFD-4A20-BC38-462DC1738CAA}.Release|Any CPU.Build.0 = Release|Any CPU
	EndGlobalSection
	GlobalSection(SolutionProperties) = preSolution
		HideSolutionNode = FALSE
	EndGlobalSection
	GlobalSection(ExtensibilityGlobals) = postSolution
		SolutionGuid = {DE1A1AC5-3545-4940-BA74-E9CE246B8E3C}
	EndGlobalSection
EndGlobal
