
Microsoft Visual Studio Solution File, Format Version 12.00
# Visual Studio Version 17
VisualStudioVersion = 17.5.33530.505
MinimumVisualStudioVersion = 10.0.40219.1
Project("{FAE04EC0-301F-11D3-BF4B-00C04F79EFBC}") = "FormMainMenu", "FormMainMenu\FormMainMenu.csproj", "{2910AD3E-46BC-471A-80CF-625C7EB0B2CD}"
EndProject
Global
	GlobalSection(SolutionConfigurationPlatforms) = preSolution
		Debug|Any CPU = Debug|Any CPU
		Release|Any CPU = Release|Any CPU
	EndGlobalSection
	GlobalSection(ProjectConfigurationPlatforms) = postSolution
		{2910AD3E-46BC-471A-80CF-625C7EB0B2CD}.Debug|Any CPU.ActiveCfg = Debug|Any CPU
		{2910AD3E-46BC-471A-80CF-625C7EB0B2CD}.Debug|Any CPU.Build.0 = Debug|Any CPU
		{2910AD3E-46BC-471A-80CF-625C7EB0B2CD}.Release|Any CPU.ActiveCfg = Release|Any CPU
		{2910AD3E-46BC-471A-80CF-625C7EB0B2CD}.Release|Any CPU.Build.0 = Release|Any CPU
	EndGlobalSection
	GlobalSection(SolutionProperties) = preSolution
		HideSolutionNode = FALSE
	EndGlobalSection
	GlobalSection(ExtensibilityGlobals) = postSolution
		SolutionGuid = {B7AF621C-603C-4054-8223-B83C0CB66C78}
	EndGlobalSection
EndGlobal
