
Microsoft Visual Studio Solution File, Format Version 12.00
# Visual Studio Version 17
VisualStudioVersion = 17.5.33530.505
MinimumVisualStudioVersion = 10.0.40219.1
Project("{FAE04EC0-301F-11D3-BF4B-00C04F79EFBC}") = "KhachHang", "KhachHang.csproj", "{5A3AF128-78F2-4B35-B0CC-5DED565E8B1F}"
EndProject
Global
	GlobalSection(SolutionConfigurationPlatforms) = preSolution
		Debug|Any CPU = Debug|Any CPU
		Release|Any CPU = Release|Any CPU
	EndGlobalSection
	GlobalSection(ProjectConfigurationPlatforms) = postSolution
		{5A3AF128-78F2-4B35-B0CC-5DED565E8B1F}.Debug|Any CPU.ActiveCfg = Debug|Any CPU
		{5A3AF128-78F2-4B35-B0CC-5DED565E8B1F}.Debug|Any CPU.Build.0 = Debug|Any CPU
		{5A3AF128-78F2-4B35-B0CC-5DED565E8B1F}.Release|Any CPU.ActiveCfg = Release|Any CPU
		{5A3AF128-78F2-4B35-B0CC-5DED565E8B1F}.Release|Any CPU.Build.0 = Release|Any CPU
	EndGlobalSection
	GlobalSection(SolutionProperties) = preSolution
		HideSolutionNode = FALSE
	EndGlobalSection
	GlobalSection(ExtensibilityGlobals) = postSolution
		SolutionGuid = {455D2B16-3A7E-4155-B723-7687E02DDE43}
	EndGlobalSection
EndGlobal
